Microsoft Visual Studio Solution File, Format Version 12.00
# Visual Studio Version 17
VisualStudioVersion = 17.5.2.0
MinimumVisualStudioVersion = 10.0.40219.1
Project("{FAE04EC0-301F-11D3-BF4B-00C04F79EFBC}") = "RegimentBuilder1", "RegimentBuilder1.csproj", "{BB104539-01D4-5F05-315A-D0AAB8AC3A12}"
EndProject
Global
	GlobalSection(SolutionConfigurationPlatforms) = preSolution
		Debug|Any CPU = Debug|Any CPU
		Release|Any CPU = Release|Any CPU
	EndGlobalSection
	GlobalSection(ProjectConfigurationPlatforms) = postSolution
		{BB104539-01D4-5F05-315A-D0AAB8AC3A12}.Debug|Any CPU.ActiveCfg = Debug|Any CPU
		{BB104539-01D4-5F05-315A-D0AAB8AC3A12}.Debug|Any CPU.Build.0 = Debug|Any CPU
		{BB104539-01D4-5F05-315A-D0AAB8AC3A12}.Release|Any CPU.ActiveCfg = Release|Any CPU
		{BB104539-01D4-5F05-315A-D0AAB8AC3A12}.Release|Any CPU.Build.0 = Release|Any CPU
	EndGlobalSection
	GlobalSection(SolutionProperties) = preSolution
		HideSolutionNode = FALSE
	EndGlobalSection
	GlobalSection(ExtensibilityGlobals) = postSolution
		SolutionGuid = {BDB5B447-8D55-467F-A85F-57104A2B8F7E}
	EndGlobalSection
EndGlobal
